
Microsoft Visual Studio Solution File, Format Version 12.00
# Visual Studio Version 17
VisualStudioVersion = 17.2.32630.192
MinimumVisualStudioVersion = 10.0.40219.1
Project("{FAE04EC0-301F-11D3-BF4B-00C04F79EFBC}") = "HubDeEventos_TanqueDeCrustaceos", "HubDeEventos_TanqueDeCrustaceos\HubDeEventos_TanqueDeCrustaceos.csproj", "{7311E488-F16D-48B1-9AE7-FB7153E18E05}"
EndProject
Global
	GlobalSection(SolutionConfigurationPlatforms) = preSolution
		Debug|Any CPU = Debug|Any CPU
		Release|Any CPU = Release|Any CPU
	EndGlobalSection
	GlobalSection(ProjectConfigurationPlatforms) = postSolution
		{7311E488-F16D-48B1-9AE7-FB7153E18E05}.Debug|Any CPU.ActiveCfg = Debug|Any CPU
		{7311E488-F16D-48B1-9AE7-FB7153E18E05}.Debug|Any CPU.Build.0 = Debug|Any CPU
		{7311E488-F16D-48B1-9AE7-FB7153E18E05}.Release|Any CPU.ActiveCfg = Release|Any CPU
		{7311E488-F16D-48B1-9AE7-FB7153E18E05}.Release|Any CPU.Build.0 = Release|Any CPU
	EndGlobalSection
	GlobalSection(SolutionProperties) = preSolution
		HideSolutionNode = FALSE
	EndGlobalSection
	GlobalSection(ExtensibilityGlobals) = postSolution
		SolutionGuid = {94FF838F-DF44-4D1E-A7D7-A8A5461FEA47}
	EndGlobalSection
EndGlobal
